PODS:
  - AZSClient (0.2.6)
  - azure_blob_flutter (0.0.1):
    - AZSClient
    - Flutter
  - Flutter (1.0.0)
  - integration_test (0.0.1):
    - Flutter

DEPENDENCIES:
  - azure_blob_flutter (from `.symlinks/plugins/azure_blob_flutter/ios`)
  - Flutter (from `Flutter`)
  - integration_test (from `.symlinks/plugins/integration_test/ios`)

SPEC REPOS:
  trunk:
    - AZSClient

EXTERNAL SOURCES:
  azure_blob_flutter:
    :path: ".symlinks/plugins/azure_blob_flutter/ios"
  Flutter:
    :path: Flutter
  integration_test:
    :path: ".symlinks/plugins/integration_test/ios"

SPEC CHECKSUMS:
  AZSClient: efd576cabf56f97e38cb1b614739f4b0c1906392
  azure_blob_flutter: b90c9788f34fd57d8ecfc1ddde954ae72b2bc9d0
  Flutter: f04841e97a9d0b0a8025694d0796dd46242b2854
  integration_test: 13825b8a9334a850581300559b8839134b124670

PODFILE CHECKSUM: 70d9d25280d0dd177a5f637cdb0f0b0b12c6a189

COCOAPODS: 1.14.2
